{
  "object": {
    "pins": [
      {
        "package": "Lottie",
        "repositoryURL": "https://github.com/airbnb/lottie-ios.git",
        "state": {
          "branch": null,
          "revision": "b3c60ba1716baab6faeeb217d8ce1da336f92718",
          "version": "3.2.1"
        }
      },
      {
        "package": "OktaAuth",
        "repositoryURL": "https://github.com/SpencerCurtis/OktaAuth.git",
        "state": {
          "branch": null,
          "revision": "cd285574c3ab04a62dd4e43a0a15cd6e8985b635",
          "version": "1.0.0"
        }
      },
      {
        "package": "SDWebImage",
        "repositoryURL": "https://github.com/SDWebImage/SDWebImage",
        "state": {
          "branch": null,
          "revision": "d1c75d839709b3f91c82ecf7d3c7665272090456",
          "version": "5.11.0"
        }
      }
    ]
  },
  "version": 1
}
